
Microsoft Visual Studio Solution File, Format Version 12.00
# Visual Studio Version 17
VisualStudioVersion = 17.7.34221.43
MinimumVisualStudioVersion = 10.0.40219.1
Project("{9A19103F-16F7-4668-BE54-9A1E7A4F7556}") = "RestApi", "..\..\..\Rest-Api-Asp.Net-WebApi\src\WebApiCompleta\RestApi\RestApi.csproj", "{93C2A6A8-709D-4F57-A7D5-547AAB1EB2A2}"
EndProject
Project("{9A19103F-16F7-4668-BE54-9A1E7A4F7556}") = "Dev.Data", "..\..\..\Rest-Api-Asp.Net-WebApi\src\Dev.Data\Dev.Data.csproj", "{348951FE-F33A-4B43-9102-5DDCCB63E0F3}"
EndProject
Project("{9A19103F-16F7-4668-BE54-9A1E7A4F7556}") = "Dev.Bussines", "..\..\..\Rest-Api-Asp.Net-WebApi\src\Dev.Bussines\Dev.Bussines.csproj", "{B723DF4A-5C41-484B-AD2B-45CFA3874CE4}"
EndProject
Global
	GlobalSection(SolutionConfigurationPlatforms) = preSolution
		Debug|Any CPU = Debug|Any CPU
		Release|Any CPU = Release|Any CPU
	EndGlobalSection
	GlobalSection(ProjectConfigurationPlatforms) = postSolution
		{93C2A6A8-709D-4F57-A7D5-547AAB1EB2A2}.Debug|Any CPU.ActiveCfg = Debug|Any CPU
		{93C2A6A8-709D-4F57-A7D5-547AAB1EB2A2}.Debug|Any CPU.Build.0 = Debug|Any CPU
		{93C2A6A8-709D-4F57-A7D5-547AAB1EB2A2}.Release|Any CPU.ActiveCfg = Release|Any CPU
		{93C2A6A8-709D-4F57-A7D5-547AAB1EB2A2}.Release|Any CPU.Build.0 = Release|Any CPU
		{348951FE-F33A-4B43-9102-5DDCCB63E0F3}.Debug|Any CPU.ActiveCfg = Debug|Any CPU
		{348951FE-F33A-4B43-9102-5DDCCB63E0F3}.Debug|Any CPU.Build.0 = Debug|Any CPU
		{348951FE-F33A-4B43-9102-5DDCCB63E0F3}.Release|Any CPU.ActiveCfg = Release|Any CPU
		{348951FE-F33A-4B43-9102-5DDCCB63E0F3}.Release|Any CPU.Build.0 = Release|Any CPU
		{B723DF4A-5C41-484B-AD2B-45CFA3874CE4}.Debug|Any CPU.ActiveCfg = Debug|Any CPU
		{B723DF4A-5C41-484B-AD2B-45CFA3874CE4}.Debug|Any CPU.Build.0 = Debug|Any CPU
		{B723DF4A-5C41-484B-AD2B-45CFA3874CE4}.Release|Any CPU.ActiveCfg = Release|Any CPU
		{B723DF4A-5C41-484B-AD2B-45CFA3874CE4}.Release|Any CPU.Build.0 = Release|Any CPU
	EndGlobalSection
	GlobalSection(SolutionProperties) = preSolution
		HideSolutionNode = FALSE
	EndGlobalSection
	GlobalSection(ExtensibilityGlobals) = postSolution
		SolutionGuid = {A487D10F-D22C-4979-BB50-04F239952796}
	EndGlobalSection
EndGlobal
